
Microsoft Visual Studio Solution File, Format Version 12.00
Project("{FAE04EC0-301F-11D3-BF4B-00C04F79EFBC}") = "MambaVPNbot", "MambaVPNbot\MambaVPNbot.csproj", "{693AE176-C0D3-4EDE-83FA-4548B5893352}"
EndProject
Global
	GlobalSection(SolutionConfigurationPlatforms) = preSolution
		Debug|Any CPU = Debug|Any CPU
		Release|Any CPU = Release|Any CPU
	EndGlobalSection
	GlobalSection(ProjectConfigurationPlatforms) = postSolution
		{693AE176-C0D3-4EDE-83FA-4548B5893352}.Debug|Any CPU.ActiveCfg = Debug|Any CPU
		{693AE176-C0D3-4EDE-83FA-4548B5893352}.Debug|Any CPU.Build.0 = Debug|Any CPU
		{693AE176-C0D3-4EDE-83FA-4548B5893352}.Release|Any CPU.ActiveCfg = Release|Any CPU
		{693AE176-C0D3-4EDE-83FA-4548B5893352}.Release|Any CPU.Build.0 = Release|Any CPU
	EndGlobalSection
EndGlobal
